
Microsoft Visual Studio Solution File, Format Version 12.00
# Visual Studio 15
VisualStudioVersion = 15.0.28307.1062
MinimumVisualStudioVersion = 10.0.40219.1
Project("{FAE04EC0-301F-11D3-BF4B-00C04F79EFBC}") = "PresentationLayer", "FormsUI\PresentationLayer.csproj", "{8B60A5E9-4D7C-4A40-A660-3D82E96888AF}"
EndProject
Project("{FAE04EC0-301F-11D3-BF4B-00C04F79EFBC}") = "DataAccessLayer", "DataAccessLayer\DataAccessLayer.csproj", "{B05673C8-1196-4169-9C85-278D4A3CA80E}"
EndProject
Project("{FAE04EC0-301F-11D3-BF4B-00C04F79EFBC}") = "BusinessLogicLayer", "BusinessLogicLayer\BusinessLogicLayer.csproj", "{DA8DF6C2-3BD9-43BC-AF91-B1847145ECF3}"
EndProject
Global
	GlobalSection(SolutionConfigurationPlatforms) = preSolution
		Debug|Any CPU = Debug|Any CPU
		Release|Any CPU = Release|Any CPU
	EndGlobalSection
	GlobalSection(ProjectConfigurationPlatforms) = postSolution
		{8B60A5E9-4D7C-4A40-A660-3D82E96888AF}.Debug|Any CPU.ActiveCfg = Debug|Any CPU
		{8B60A5E9-4D7C-4A40-A660-3D82E96888AF}.Debug|Any CPU.Build.0 = Debug|Any CPU
		{8B60A5E9-4D7C-4A40-A660-3D82E96888AF}.Release|Any CPU.ActiveCfg = Release|Any CPU
		{8B60A5E9-4D7C-4A40-A660-3D82E96888AF}.Release|Any CPU.Build.0 = Release|Any CPU
		{B05673C8-1196-4169-9C85-278D4A3CA80E}.Debug|Any CPU.ActiveCfg = Debug|Any CPU
		{B05673C8-1196-4169-9C85-278D4A3CA80E}.Debug|Any CPU.Build.0 = Debug|Any CPU
		{B05673C8-1196-4169-9C85-278D4A3CA80E}.Release|Any CPU.ActiveCfg = Release|Any CPU
		{B05673C8-1196-4169-9C85-278D4A3CA80E}.Release|Any CPU.Build.0 = Release|Any CPU
		{DA8DF6C2-3BD9-43BC-AF91-B1847145ECF3}.Debug|Any CPU.ActiveCfg = Debug|Any CPU
		{DA8DF6C2-3BD9-43BC-AF91-B1847145ECF3}.Debug|Any CPU.Build.0 = Debug|Any CPU
		{DA8DF6C2-3BD9-43BC-AF91-B1847145ECF3}.Release|Any CPU.ActiveCfg = Release|Any CPU
		{DA8DF6C2-3BD9-43BC-AF91-B1847145ECF3}.Release|Any CPU.Build.0 = Release|Any CPU
	EndGlobalSection
	GlobalSection(SolutionProperties) = preSolution
		HideSolutionNode = FALSE
	EndGlobalSection
	GlobalSection(ExtensibilityGlobals) = postSolution
		SolutionGuid = {4C0560E3-85F6-4489-8C3C-47D4156F6589}
	EndGlobalSection
EndGlobal
